
Microsoft Visual Studio Solution File, Format Version 11.00
# Visual Studio 2010
Project("{FAE04EC0-301F-11D3-BF4B-00C04F79EFBC}") = "Pacman", "Assembly-CSharp.csproj", "{40DB70B5-49D0-D3BE-18D8-F28CBB156472}"
EndProject
Global
	GlobalSection(SolutionConfigurationPlatforms) = preSolution
		Debug|Any CPU = Debug|Any CPU
		Release|Any CPU = Release|Any CPU
	EndGlobalSection
	GlobalSection(ProjectConfigurationPlatforms) = postSolution
		{40DB70B5-49D0-D3BE-18D8-F28CBB156472}.Debug|Any CPU.ActiveCfg = Debug|Any CPU
		{40DB70B5-49D0-D3BE-18D8-F28CBB156472}.Debug|Any CPU.Build.0 = Debug|Any CPU
		{40DB70B5-49D0-D3BE-18D8-F28CBB156472}.Release|Any CPU.ActiveCfg = Release|Any CPU
		{40DB70B5-49D0-D3BE-18D8-F28CBB156472}.Release|Any CPU.Build.0 = Release|Any CPU
	EndGlobalSection
	GlobalSection(SolutionProperties) = preSolution
		HideSolutionNode = FALSE
	EndGlobalSection
	GlobalSection(MonoDevelopProperties) = preSolution
		StartupItem = Assembly-CSharp.csproj
	EndGlobalSection
EndGlobal
